
Microsoft Visual Studio Solution File, Format Version 12.00
# Visual Studio Version 17
VisualStudioVersion = 17.11.35208.52
MinimumVisualStudioVersion = 10.0.40219.1
Project("{FAE04EC0-301F-11D3-BF4B-00C04F79EFBC}") = "WinFormsApp6(framework)", "WinFormsApp6(framework)\WinFormsApp6(framework).csproj", "{0178DCD5-9DEA-49E5-91CD-F0FBC5D5814D}"
EndProject
Global
	GlobalSection(SolutionConfigurationPlatforms) = preSolution
		Debug|Any CPU = Debug|Any CPU
		Release|Any CPU = Release|Any CPU
	EndGlobalSection
	GlobalSection(ProjectConfigurationPlatforms) = postSolution
		{0178DCD5-9DEA-49E5-91CD-F0FBC5D5814D}.Debug|Any CPU.ActiveCfg = Debug|Any CPU
		{0178DCD5-9DEA-49E5-91CD-F0FBC5D5814D}.Debug|Any CPU.Build.0 = Debug|Any CPU
		{0178DCD5-9DEA-49E5-91CD-F0FBC5D5814D}.Release|Any CPU.ActiveCfg = Release|Any CPU
		{0178DCD5-9DEA-49E5-91CD-F0FBC5D5814D}.Release|Any CPU.Build.0 = Release|Any CPU
	EndGlobalSection
	GlobalSection(SolutionProperties) = preSolution
		HideSolutionNode = FALSE
	EndGlobalSection
	GlobalSection(ExtensibilityGlobals) = postSolution
		SolutionGuid = {05774C53-3853-4CB0-8B98-7BAE2BF04402}
	EndGlobalSection
EndGlobal
